
Microsoft Visual Studio Solution File, Format Version 12.00
# Visual Studio Version 16
VisualStudioVersion = 16.0.32901.82
MinimumVisualStudioVersion = 10.0.40219.1
Project("{9A19103F-16F7-4668-BE54-9A1E7A4F7556}") = "lab2", "лаба2ооп\lab2.csproj", "{4586D06C-0883-4E30-812E-A85F108DEE97}"
EndProject
Project("{9A19103F-16F7-4668-BE54-9A1E7A4F7556}") = "2_2ооп", "2_2ооп\2_2ооп.csproj", "{A8A8000E-978A-43CE-9770-0FD4D88772DD}"
EndProject
Project("{9A19103F-16F7-4668-BE54-9A1E7A4F7556}") = "TestConstructors", "TestProject1\TestConstructors.csproj", "{6A15D0CB-B41A-4933-8A0B-F6158725879D}"
EndProject
Global
	GlobalSection(SolutionConfigurationPlatforms) = preSolution
		Debug|Any CPU = Debug|Any CPU
		Release|Any CPU = Release|Any CPU
	EndGlobalSection
	GlobalSection(ProjectConfigurationPlatforms) = postSolution
		{4586D06C-0883-4E30-812E-A85F108DEE97}.Debug|Any CPU.ActiveCfg = Debug|Any CPU
		{4586D06C-0883-4E30-812E-A85F108DEE97}.Debug|Any CPU.Build.0 = Debug|Any CPU
		{4586D06C-0883-4E30-812E-A85F108DEE97}.Release|Any CPU.ActiveCfg = Release|Any CPU
		{4586D06C-0883-4E30-812E-A85F108DEE97}.Release|Any CPU.Build.0 = Release|Any CPU
		{A8A8000E-978A-43CE-9770-0FD4D88772DD}.Debug|Any CPU.ActiveCfg = Debug|Any CPU
		{A8A8000E-978A-43CE-9770-0FD4D88772DD}.Debug|Any CPU.Build.0 = Debug|Any CPU
		{A8A8000E-978A-43CE-9770-0FD4D88772DD}.Release|Any CPU.ActiveCfg = Release|Any CPU
		{A8A8000E-978A-43CE-9770-0FD4D88772DD}.Release|Any CPU.Build.0 = Release|Any CPU
		{6A15D0CB-B41A-4933-8A0B-F6158725879D}.Debug|Any CPU.ActiveCfg = Debug|Any CPU
		{6A15D0CB-B41A-4933-8A0B-F6158725879D}.Debug|Any CPU.Build.0 = Debug|Any CPU
		{6A15D0CB-B41A-4933-8A0B-F6158725879D}.Release|Any CPU.ActiveCfg = Release|Any CPU
		{6A15D0CB-B41A-4933-8A0B-F6158725879D}.Release|Any CPU.Build.0 = Release|Any CPU
	EndGlobalSection
	GlobalSection(SolutionProperties) = preSolution
		HideSolutionNode = FALSE
	EndGlobalSection
	GlobalSection(ExtensibilityGlobals) = postSolution
		SolutionGuid = {DADC012E-4DD9-49D2-A9A7-3BA9F05E5A0E}
	EndGlobalSection
EndGlobal
